
Microsoft Visual Studio Solution File, Format Version 12.00
# Visual Studio Version 16
VisualStudioVersion = 16.0.31112.23
MinimumVisualStudioVersion = 10.0.40219.1
Project("{FAE04EC0-301F-11D3-BF4B-00C04F79EFBC}") = "WebPage Sample", "WebPage Sample\WebPage Sample.csproj", "{88DAB76B-0D19-439B-BCC0-44708B1F8F1E}"
EndProject
Global
	GlobalSection(SolutionConfigurationPlatforms) = preSolution
		Debug|Any CPU = Debug|Any CPU
		Release|Any CPU = Release|Any CPU
	EndGlobalSection
	GlobalSection(ProjectConfigurationPlatforms) = postSolution
		{88DAB76B-0D19-439B-BCC0-44708B1F8F1E}.Debug|Any CPU.ActiveCfg = Debug|Any CPU
		{88DAB76B-0D19-439B-BCC0-44708B1F8F1E}.Debug|Any CPU.Build.0 = Debug|Any CPU
		{88DAB76B-0D19-439B-BCC0-44708B1F8F1E}.Release|Any CPU.ActiveCfg = Release|Any CPU
		{88DAB76B-0D19-439B-BCC0-44708B1F8F1E}.Release|Any CPU.Build.0 = Release|Any CPU
	EndGlobalSection
	GlobalSection(SolutionProperties) = preSolution
		HideSolutionNode = FALSE
	EndGlobalSection
	GlobalSection(ExtensibilityGlobals) = postSolution
		SolutionGuid = {79828555-84CE-422B-A544-64D4C26EEF8A}
	EndGlobalSection
EndGlobal
